
Microsoft Visual Studio Solution File, Format Version 12.00
# Visual Studio Version 17
VisualStudioVersion = 17.7.34221.43
MinimumVisualStudioVersion = 10.0.40219.1
Project("{FAE04EC0-301F-11D3-BF4B-00C04F79EFBC}") = "L32_shuffle", "L32_shuffle.csproj", "{7D384D30-B775-4F65-B843-28EA01D0D5E3}"
EndProject
Global
	GlobalSection(SolutionConfigurationPlatforms) = preSolution
		Debug|Any CPU = Debug|Any CPU
		Release|Any CPU = Release|Any CPU
	EndGlobalSection
	GlobalSection(ProjectConfigurationPlatforms) = postSolution
		{7D384D30-B775-4F65-B843-28EA01D0D5E3}.Debug|Any CPU.ActiveCfg = Debug|Any CPU
		{7D384D30-B775-4F65-B843-28EA01D0D5E3}.Debug|Any CPU.Build.0 = Debug|Any CPU
		{7D384D30-B775-4F65-B843-28EA01D0D5E3}.Release|Any CPU.ActiveCfg = Release|Any CPU
		{7D384D30-B775-4F65-B843-28EA01D0D5E3}.Release|Any CPU.Build.0 = Release|Any CPU
	EndGlobalSection
	GlobalSection(SolutionProperties) = preSolution
		HideSolutionNode = FALSE
	EndGlobalSection
	GlobalSection(ExtensibilityGlobals) = postSolution
		SolutionGuid = {2658BE2A-092D-44EB-A9DB-33C3321EB0D8}
	EndGlobalSection
EndGlobal
